// !$*UTF8*$!
{
	archiveVersion = 1;
	classes = {
	};
	objectVersion = 52;
	objects = {

/* Begin PBXBuildFile section */
		3955908026E2866600ED24BC /* TableViewCell.swift in Sources */ = {isa = PBXBuildFile; fileRef = 3955907F26E2866600ED24BC /* TableViewCell.swift */; };
		3955908326E28DF100ED24BC /* AlamofireImage in Frameworks */ = {isa = PBXBuildFile; productRef = 3955908226E28DF100ED24BC /* AlamofireImage */; };
		39BAC0F426EE6EB2007E9058 /* MovieDetailViewController.swift in Sources */ = {isa = PBXBuildFile; fileRef = 39BAC0F326EE6EB2007E9058 /* MovieDetailViewController.swift */; };
		39BAC0F626EE7B1E007E9058 /* MovieGridViewController.swift in Sources */ = {isa = PBXBuildFile; fileRef = 39BAC0F526EE7B1E007E9058 /* MovieGridViewController.swift */; };
		39BAC0F826EE7F79007E9058 /* MovieCollectionViewCell.swift in Sources */ = {isa = PBXBuildFile; fileRef = 39BAC0F726EE7F79007E9058 /* MovieCollectionViewCell.swift */; };
		39CDE7FD26DEFD57009C51AC /* AppDelegate.swift in Sources */ = {isa = PBXBuildFile; fileRef = 39CDE7FC26DEFD57009C51AC /* AppDelegate.swift */; };
		39CDE7FF26DEFD57009C51AC /* SceneDelegate.swift in Sources */ = {isa = PBXBuildFile; fileRef = 39CDE7FE26DEFD57009C51AC /* SceneDelegate.swift */; };
		39CDE80126DEFD57009C51AC /* ViewController.swift in Sources */ = {isa = PBXBuildFile; fileRef = 39CDE80026DEFD57009C51AC /* ViewController.swift */; };
		39CDE80426DEFD57009C51AC /* Main.storyboard in Resources */ = {isa = PBXBuildFile; fileRef = 39CDE80226DEFD57009C51AC /* Main.storyboard */; };
		39CDE80626DEFD58009C51AC /* Assets.xcassets in Resources */ = {isa = PBXBuildFile; fileRef = 39CDE80526DEFD58009C51AC /* Assets.xcassets */; };
		39CDE80926DEFD58009C51AC /* LaunchScreen.storyboard in Resources */ = {isa = PBXBuildFile; fileRef = 39CDE80726DEFD58009C51AC /* LaunchScreen.storyboard */; };
		39CDE81426DEFD59009C51AC /* FlixTests.swift in Sources */ = {isa = PBXBuildFile; fileRef = 39CDE81326DEFD59009C51AC /* FlixTests.swift */; };
		39CDE81F26DEFD59009C51AC /* FlixUITests.swift in Sources */ = {isa = PBXBuildFile; fileRef = 39CDE81E26DEFD59009C51AC /* FlixUITests.swift */; };
		60026948565ADF3E37E39B67 /* Pods_Flix.framework in Frameworks */ = {isa = PBXBuildFile; fileRef = 18CA4FF5CB9969644A0F862F /* Pods_Flix.framework */; };
		7C90DC61C3946DC7AFF326FC /* Pods_FlixTests.framework in Frameworks */ = {isa = PBXBuildFile; fileRef = FB753D2BD8C5CEAD78DBE33F /* Pods_FlixTests.framework */; };
		9F23DE3AA7649498E664BD90 /* Pods_Flix_FlixUITests.framework in Frameworks */ = {isa = PBXBuildFile; fileRef = 57E072B5F8212670518A1EFB /* Pods_Flix_FlixUITests.framework */; };
/* End PBXBuildFile section */

/* Begin PBXContainerItemProxy section */
		39CDE81026DEFD59009C51AC /* PBXContainerItemProxy */ = {
			isa = PBXContainerItemProxy;
			containerPortal = 39CDE7F126DEFD57009C51AC /* Project object */;
			proxyType = 1;
			remoteGlobalIDString = 39CDE7F826DEFD57009C51AC;
			remoteInfo = Flix;
		};
		39CDE81B26DEFD59009C51AC /* PBXContainerItemProxy */ = {
			isa = PBXContainerItemProxy;
			containerPortal = 39CDE7F126DEFD57009C51AC /* Project object */;
			proxyType = 1;
			remoteGlobalIDString = 39CDE7F826DEFD57009C51AC;
			remoteInfo = Flix;
		};
/* End PBXContainerItemProxy section */

/* Begin PBXFileReference section */
		050F7A8D008A94B4C6A2EE67 /* Pods-FlixTests.release.xcconfig */ = {isa = PBXFileReference; includeInIndex = 1; lastKnownFileType = text.xcconfig; name = "Pods-FlixTests.release.xcconfig"; path = "Target Support Files/Pods-FlixTests/Pods-FlixTests.release.xcconfig"; sourceTree = "<group>"; };
		18CA4FF5CB9969644A0F862F /* Pods_Flix.framework */ = {isa = PBXFileReference; explicitFileType = wrapper.framework; includeInIndex = 0; path = Pods_Flix.framework; sourceTree = BUILT_PRODUCTS_DIR; };
		3955907F26E2866600ED24BC /* TableViewCell.swift */ = {isa = PBXFileReference; lastKnownFileType = sourcecode.swift; path = TableViewCell.swift; sourceTree = "<group>"; };
		39BAC0F326EE6EB2007E9058 /* MovieDetailViewController.swift */ = {isa = PBXFileReference; lastKnownFileType = sourcecode.swift; path = MovieDetailViewController.swift; sourceTree = "<group>"; };
		39BAC0F526EE7B1E007E9058 /* MovieGridViewController.swift */ = {isa = PBXFileReference; lastKnownFileType = sourcecode.swift; path = MovieGridViewController.swift; sourceTree = "<group>"; };
		39BAC0F726EE7F79007E9058 /* MovieCollectionViewCell.swift */ = {isa = PBXFileReference; lastKnownFileType = sourcecode.swift; path = MovieCollectionViewCell.swift; sourceTree = "<group>"; };
		39CDE7F926DEFD57009C51AC /* Flix.app */ = {isa = PBXFileReference; explicitFileType = wrapper.application; includeInIndex = 0; path = Flix.app; sourceTree = BUILT_PRODUCTS_DIR; };
		39CDE7FC26DEFD57009C51AC /* AppDelegate.swift */ = {isa = PBXFileReference; lastKnownFileType = sourcecode.swift; path = AppDelegate.swift; sourceTree = "<group>"; };
		39CDE7FE26DEFD57009C51AC /* SceneDelegate.swift */ = {isa = PBXFileReference; lastKnownFileType = sourcecode.swift; path = SceneDelegate.swift; sourceTree = "<group>"; };
		39CDE80026DEFD57009C51AC /* ViewController.swift */ = {isa = PBXFileReference; lastKnownFileType = sourcecode.swift; path = ViewController.swift; sourceTree = "<group>"; };
		39CDE80326DEFD57009C51AC /* Base */ = {isa = PBXFileReference; lastKnownFileType = file.storyboard; name = Base; path = Base.lproj/Main.storyboard; sourceTree = "<group>"; };
		39CDE80526DEFD58009C51AC /* Assets.xcassets */ = {isa = PBXFileReference; lastKnownFileType = folder.assetcatalog; path = Assets.xcassets; sourceTree = "<group>"; };
		39CDE80826DEFD58009C51AC /* Base */ = {isa = PBXFileReference; lastKnownFileType = file.storyboard; name = Base; path = Base.lproj/LaunchScreen.storyboard; sourceTree = "<group>"; };
		39CDE80A26DEFD58009C51AC /* Info.plist */ = {isa = PBXFileReference; lastKnownFileType = text.plist.xml; path = Info.plist; sourceTree = "<group>"; };
		39CDE80F26DEFD59009C51AC /* FlixTests.xctest */ = {isa = PBXFileReference; explicitFileType = wrapper.cfbundle; includeInIndex = 0; path = FlixTests.xctest; sourceTree = BUILT_PRODUCTS_DIR; };
		39CDE81326DEFD59009C51AC /* FlixTests.swift */ = {isa = PBXFileReference; lastKnownFileType = sourcecode.swift; path = FlixTests.swift; sourceTree = "<group>"; };
		39CDE81526DEFD59009C51AC /* Info.plist */ = {isa = PBXFileReference; lastKnownFileType = text.plist.xml; path = Info.plist; sourceTree = "<group>"; };
		39CDE81A26DEFD59009C51AC /* FlixUITests.xctest */ = {isa = PBXFileReference; explicitFileType = wrapper.cfbundle; includeInIndex = 0; path = FlixUITests.xctest; sourceTree = BUILT_PRODUCTS_DIR; };
		39CDE81E26DEFD59009C51AC /* FlixUITests.swift */ = {isa = PBXFileReference; lastKnownFileType = sourcecode.swift; path = FlixUITests.swift; sourceTree = "<group>"; };
		39CDE82026DEFD59009C51AC /* Info.plist */ = {isa = PBXFileReference; lastKnownFileType = text.plist.xml; path = Info.plist; sourceTree = "<group>"; };
		4BE62BB2C6FBB2CF4A7E3E96 /* Pods-Flix.release.xcconfig */ = {isa = PBXFileReference; includeInIndex = 1; lastKnownFileType = text.xcconfig; name = "Pods-Flix.release.xcconfig"; path = "Target Support Files/Pods-Flix/Pods-Flix.release.xcconfig"; sourceTree = "<group>"; };
		57E072B5F8212670518A1EFB /* Pods_Flix_FlixUITests.framework */ = {isa = PBXFileReference; explicitFileType = wrapper.framework; includeInIndex = 0; path = Pods_Flix_FlixUITests.framework; sourceTree = BUILT_PRODUCTS_DIR; };
		8851B2BF84C84CFBF729869F /* Pods-Flix-FlixUITests.debug.xcconfig */ = {isa = PBXFileReference; includeInIndex = 1; lastKnownFileType = text.xcconfig; name = "Pods-Flix-FlixUITests.debug.xcconfig"; path = "Target Support Files/Pods-Flix-FlixUITests/Pods-Flix-FlixUITests.debug.xcconfig"; sourceTree = "<group>"; };
		94E57F8AEBEB3452142ACCE6 /* Pods-Flix.debug.xcconfig */ = {isa = PBXFileReference; includeInIndex = 1; lastKnownFileType = text.xcconfig; name = "Pods-Flix.debug.xcconfig"; path = "Target Support Files/Pods-Flix/Pods-Flix.debug.xcconfig"; sourceTree = "<group>"; };
		94F291C07C9B82A97C25D45E /* Pods-Flix-FlixUITests.release.xcconfig */ = {isa = PBXFileReference; includeInIndex = 1; lastKnownFileType = text.xcconfig; name = "Pods-Flix-FlixUITests.release.xcconfig"; path = "Target Support Files/Pods-Flix-FlixUITests/Pods-Flix-FlixUITests.release.xcconfig"; sourceTree = "<group>"; };
		ED3D71CF0B01DE010EFC3F54 /* Pods-FlixTests.debug.xcconfig */ = {isa = PBXFileReference; includeInIndex = 1; lastKnownFileType = text.xcconfig; name = "Pods-FlixTests.debug.xcconfig"; path = "Target Support Files/Pods-FlixTests/Pods-FlixTests.debug.xcconfig"; sourceTree = "<group>"; };
		FB753D2BD8C5CEAD78DBE33F /* Pods_FlixTests.framework */ = {isa = PBXFileReference; explicitFileType = wrapper.framework; includeInIndex = 0; path = Pods_FlixTests.framework; sourceTree = BUILT_PRODUCTS_DIR; };
/* End PBXFileReference section */

/* Begin PBXFrameworksBuildPhase section */
		39CDE7F626DEFD57009C51AC /* Frameworks */ = {
			isa = PBXFrameworksBuildPhase;
			buildActionMask = 2147483647;
			files = (
				3955908326E28DF100ED24BC /* AlamofireImage in Frameworks */,
				60026948565ADF3E37E39B67 /* Pods_Flix.framework in Frameworks */,
			);
			runOnlyForDeploymentPostprocessing = 0;
		};
		39CDE80C26DEFD59009C51AC /* Frameworks */ = {
			isa = PBXFrameworksBuildPhase;
			buildActionMask = 2147483647;
			files = (
				7C90DC61C3946DC7AFF326FC /* Pods_FlixTests.framework in Frameworks */,
			);
			runOnlyForDeploymentPostprocessing = 0;
		};
		39CDE81726DEFD59009C51AC /* Frameworks */ = {
			isa = PBXFrameworksBuildPhase;
			buildActionMask = 2147483647;
			files = (
				9F23DE3AA7649498E664BD90 /* Pods_Flix_FlixUITests.framework in Frameworks */,
			);
			runOnlyForDeploymentPostprocessing = 0;
		};
/* End PBXFrameworksBuildPhase section */

/* Begin PBXGroup section */
		39CDE7F026DEFD57009C51AC = {
			isa = PBXGroup;
			children = (
				39CDE7FB26DEFD57009C51AC /* Flix */,
				39CDE81226DEFD59009C51AC /* FlixTests */,
				39CDE81D26DEFD59009C51AC /* FlixUITests */,
				39CDE7FA26DEFD57009C51AC /* Products */,
				D7F0EE4FA6DB2607C0EC1C77 /* Pods */,
				FEF73296C52077E8AF26ABA5 /* Frameworks */,
			);
			sourceTree = "<group>";
		};
		39CDE7FA26DEFD57009C51AC /* Products */ = {
			isa = PBXGroup;
			children = (
				39CDE7F926DEFD57009C51AC /* Flix.app */,
				39CDE80F26DEFD59009C51AC /* FlixTests.xctest */,
				39CDE81A26DEFD59009C51AC /* FlixUITests.xctest */,
			);
			name = Products;
			sourceTree = "<group>";
		};
		39CDE7FB26DEFD57009C51AC /* Flix */ = {
			isa = PBXGroup;
			children = (
				39CDE7FC26DEFD57009C51AC /* AppDelegate.swift */,
				39CDE7FE26DEFD57009C51AC /* SceneDelegate.swift */,
				39CDE80026DEFD57009C51AC /* ViewController.swift */,
				39CDE80226DEFD57009C51AC /* Main.storyboard */,
				39CDE80526DEFD58009C51AC /* Assets.xcassets */,
				39CDE80726DEFD58009C51AC /* LaunchScreen.storyboard */,
				39CDE80A26DEFD58009C51AC /* Info.plist */,
				3955907F26E2866600ED24BC /* TableViewCell.swift */,
				39BAC0F326EE6EB2007E9058 /* MovieDetailViewController.swift */,
				39BAC0F526EE7B1E007E9058 /* MovieGridViewController.swift */,
				39BAC0F726EE7F79007E9058 /* MovieCollectionViewCell.swift */,
			);
			path = Flix;
			sourceTree = "<group>";
		};
		39CDE81226DEFD59009C51AC /* FlixTests */ = {
			isa = PBXGroup;
			children = (
				39CDE81326DEFD59009C51AC /* FlixTests.swift */,
				39CDE81526DEFD59009C51AC /* Info.plist */,
			);
			path = FlixTests;
			sourceTree = "<group>";
		};
		39CDE81D26DEFD59009C51AC /* FlixUITests */ = {
			isa = PBXGroup;
			children = (
				39CDE81E26DEFD59009C51AC /* FlixUITests.swift */,
				39CDE82026DEFD59009C51AC /* Info.plist */,
			);
			path = FlixUITests;
			sourceTree = "<group>";
		};
		D7F0EE4FA6DB2607C0EC1C77 /* Pods */ = {
			isa = PBXGroup;
			children = (
				94E57F8AEBEB3452142ACCE6 /* Pods-Flix.debug.xcconfig */,
				4BE62BB2C6FBB2CF4A7E3E96 /* Pods-Flix.release.xcconfig */,
				8851B2BF84C84CFBF729869F /* Pods-Flix-FlixUITests.debug.xcconfig */,
				94F291C07C9B82A97C25D45E /* Pods-Flix-FlixUITests.release.xcconfig */,
				ED3D71CF0B01DE010EFC3F54 /* Pods-FlixTests.debug.xcconfig */,
				050F7A8D008A94B4C6A2EE67 /* Pods-FlixTests.release.xcconfig */,
			);
			path = Pods;
			sourceTree = "<group>";
		};
		FEF73296C52077E8AF26ABA5 /* Frameworks */ = {
			isa = PBXGroup;
			children = (
				18CA4FF5CB9969644A0F862F /* Pods_Flix.framework */,
				57E072B5F8212670518A1EFB /* Pods_Flix_FlixUITests.framework */,
				FB753D2BD8C5CEAD78DBE33F /* Pods_FlixTests.framework */,
			);
			name = Frameworks;
			sourceTree = "<group>";
		};
/* End PBXGroup section */

/* Begin PBXNativeTarget section */
		39CDE7F826DEFD57009C51AC /* Flix */ = {
			isa = PBXNativeTarget;
			buildConfigurationList = 39CDE82326DEFD59009C51AC /* Build configuration list for PBXNativeTarget "Flix" */;
			buildPhases = (
				D2DDDB989C880D7DBC48E1BC /* [CP] Check Pods Manifest.lock */,
				39CDE7F526DEFD57009C51AC /* Sources */,
				39CDE7F626DEFD57009C51AC /* Frameworks */,
				39CDE7F726DEFD57009C51AC /* Resources */,
				F943E9E683D99E077A13B25A /* [CP] Embed Pods Frameworks */,
			);
			buildRules = (
			);
			dependencies = (
			);
			name = Flix;
			packageProductDependencies = (
				3955908226E28DF100ED24BC /* AlamofireImage */,
			);
			productName = Flix;
			productReference = 39CDE7F926DEFD57009C51AC /* Flix.app */;
			productType = "com.apple.product-type.application";
		};
		39CDE80E26DEFD59009C51AC /* FlixTests */ = {
			isa = PBXNativeTarget;
			buildConfigurationList = 39CDE82626DEFD59009C51AC /* Build configuration list for PBXNativeTarget "FlixTests" */;
			buildPhases = (
				946709AA06CB68E50B9F7DF3 /* [CP] Check Pods Manifest.lock */,
				39CDE80B26DEFD59009C51AC /* Sources */,
				39CDE80C26DEFD59009C51AC /* Frameworks */,
				39CDE80D26DEFD59009C51AC /* Resources */,
			);
			buildRules = (
			);
			dependencies = (
				39CDE81126DEFD59009C51AC /* PBXTargetDependency */,
			);
			name = FlixTests;
			productName = FlixTests;
			productReference = 39CDE80F26DEFD59009C51AC /* FlixTests.xctest */;
			productType = "com.apple.product-type.bundle.unit-test";
		};
		39CDE81926DEFD59009C51AC /* FlixUITests */ = {
			isa = PBXNativeTarget;
			buildConfigurationList = 39CDE82926DEFD59009C51AC /* Build configuration list for PBXNativeTarget "FlixUITests" */;
			buildPhases = (
				2651393B1E8A4E4B3E92CE14 /* [CP] Check Pods Manifest.lock */,
				39CDE81626DEFD59009C51AC /* Sources */,
				39CDE81726DEFD59009C51AC /* Frameworks */,
				39CDE81826DEFD59009C51AC /* Resources */,
				A6149DAB90C3AE0BE23F5814 /* [CP] Embed Pods Frameworks */,
			);
			buildRules = (
			);
			dependencies = (
				39CDE81C26DEFD59009C51AC /* PBXTargetDependency */,
			);
			name = FlixUITests;
			productName = FlixUITests;
			productReference = 39CDE81A26DEFD59009C51AC /* FlixUITests.xctest */;
			productType = "com.apple.product-type.bundle.ui-testing";
		};
/* End PBXNativeTarget section */

/* Begin PBXProject section */
		39CDE7F126DEFD57009C51AC /* Project object */ = {
			isa = PBXProject;
			attributes = {
				LastSwiftUpdateCheck = 1250;
				LastUpgradeCheck = 1250;
				TargetAttributes = {
					39CDE7F826DEFD57009C51AC = {
						CreatedOnToolsVersion = 12.5.1;
					};
					39CDE80E26DEFD59009C51AC = {
						CreatedOnToolsVersion = 12.5.1;
						TestTargetID = 39CDE7F826DEFD57009C51AC;
					};
					39CDE81926DEFD59009C51AC = {
						CreatedOnToolsVersion = 12.5.1;
						TestTargetID = 39CDE7F826DEFD57009C51AC;
					};
				};
			};
			buildConfigurationList = 39CDE7F426DEFD57009C51AC /* Build configuration list for PBXProject "Flix" */;
			compatibilityVersion = "Xcode 9.3";
			developmentRegion = en;
			hasScannedForEncodings = 0;
			knownRegions = (
				en,
				Base,
			);
			mainGroup = 39CDE7F026DEFD57009C51AC;
			packageReferences = (
				3955908126E28DF100ED24BC /* XCRemoteSwiftPackageReference "AlamofireImage" */,
			);
			productRefGroup = 39CDE7FA26DEFD57009C51AC /* Products */;
			projectDirPath = "";
			projectRoot = "";
			targets = (
				39CDE7F826DEFD57009C51AC /* Flix */,
				39CDE80E26DEFD59009C51AC /* FlixTests */,
				39CDE81926DEFD59009C51AC /* FlixUITests */,
			);
		};
/* End PBXProject section */

/* Begin PBXResourcesBuildPhase section */
		39CDE7F726DEFD57009C51AC /* Resources */ = {
			isa = PBXResourcesBuildPhase;
			buildActionMask = 2147483647;
			files = (
				39CDE80926DEFD58009C51AC /* LaunchScreen.storyboard in Resources */,
				39CDE80626DEFD58009C51AC /* Assets.xcassets in Resources */,
				39CDE80426DEFD57009C51AC /* Main.storyboard in Resources */,
			);
			runOnlyForDeploymentPostprocessing = 0;
		};
		39CDE80D26DEFD59009C51AC /* Resources */ = {
			isa = PBXResourcesBuildPhase;
			buildActionMask = 2147483647;
			files = (
			);
			runOnlyForDeploymentPostprocessing = 0;
		};
		39CDE81826DEFD59009C51AC /* Resources */ = {
			isa = PBXResourcesBuildPhase;
			buildActionMask = 2147483647;
			files = (
			);
			runOnlyForDeploymentPostprocessing = 0;
		};
/* End PBXResourcesBuildPhase section */

/* Begin PBXShellScriptBuildPhase section */
		2651393B1E8A4E4B3E92CE14 /* [CP] Check Pods Manifest.lock */ = {
			isa = PBXShellScriptBuildPhase;
			buildActionMask = 2147483647;
			files = (
			);
			inputFileListPaths = (
			);
			inputPaths = (
				"${PODS_PODFILE_DIR_PATH}/Podfile.lock",
				"${PODS_ROOT}/Manifest.lock",
			);
			name = "[CP] Check Pods Manifest.lock";
			outputFileListPaths = (
			);
			outputPaths = (
				"$(DERIVED_FILE_DIR)/Pods-Flix-FlixUITests-checkManifestLockResult.txt",
			);
			runOnlyForDeploymentPostprocessing = 0;
			shellPath = /bin/sh;
			shellScript = "diff \"${PODS_PODFILE_DIR_PATH}/Podfile.lock\" \"${PODS_ROOT}/Manifest.lock\" > /dev/null\nif [ $? != 0 ] ; then\n    # print error to STDERR\n    echo \"error: The sandbox is not in sync with the Podfile.lock. Run 'pod install' or update your CocoaPods installation.\" >&2\n    exit 1\nfi\n# This output is used by Xcode 'outputs' to avoid re-running this script phase.\necho \"SUCCESS\" > \"${SCRIPT_OUTPUT_FILE_0}\"\n";
			showEnvVarsInLog = 0;
		};
		946709AA06CB68E50B9F7DF3 /* [CP] Check Pods Manifest.lock */ = {
			isa = PBXShellScriptBuildPhase;
			buildActionMask = 2147483647;
			files = (
			);
			inputFileListPaths = (
			);
			inputPaths = (
				"${PODS_PODFILE_DIR_PATH}/Podfile.lock",
				"${PODS_ROOT}/Manifest.lock",
			);
			name = "[CP] Check Pods Manifest.lock";
			outputFileListPaths = (
			);
			outputPaths = (
				"$(DERIVED_FILE_DIR)/Pods-FlixTests-checkManifestLockResult.txt",
			);
			runOnlyForDeploymentPostprocessing = 0;
			shellPath = /bin/sh;
			shellScript = "diff \"${PODS_PODFILE_DIR_PATH}/Podfile.lock\" \"${PODS_ROOT}/Manifest.lock\" > /dev/null\nif [ $? != 0 ] ; then\n    # print error to STDERR\n    echo \"error: The sandbox is not in sync with the Podfile.lock. Run 'pod install' or update your CocoaPods installation.\" >&2\n    exit 1\nfi\n# This output is used by Xcode 'outputs' to avoid re-running this script phase.\necho \"SUCCESS\" > \"${SCRIPT_OUTPUT_FILE_0}\"\n";
			showEnvVarsInLog = 0;
		};
		A6149DAB90C3AE0BE23F5814 /* [CP] Embed Pods Frameworks */ = {
			isa = PBXShellScriptBuildPhase;
			buildActionMask = 2147483647;
			files = (
			);
			inputFileListPaths = (
				"${PODS_ROOT}/Target Support Files/Pods-Flix-FlixUITests/Pods-Flix-FlixUITests-frameworks-${CONFIGURATION}-input-files.xcfilelist",
			);
			name = "[CP] Embed Pods Frameworks";
			outputFileListPaths = (
				"${PODS_ROOT}/Target Support Files/Pods-Flix-FlixUITests/Pods-Flix-FlixUITests-frameworks-${CONFIGURATION}-output-files.xcfilelist",
			);
			runOnlyForDeploymentPostprocessing = 0;
			shellPath = /bin/sh;
			shellScript = "\"${PODS_ROOT}/Target Support Files/Pods-Flix-FlixUITests/Pods-Flix-FlixUITests-frameworks.sh\"\n";
			showEnvVarsInLog = 0;
		};
		D2DDDB989C880D7DBC48E1BC /* [CP] Check Pods Manifest.lock */ = {
			isa = PBXShellScriptBuildPhase;
			buildActionMask = 2147483647;
			files = (
			);
			inputFileListPaths = (
			);
			inputPaths = (
				"${PODS_PODFILE_DIR_PATH}/Podfile.lock",
				"${PODS_ROOT}/Manifest.lock",
			);
			name = "[CP] Check Pods Manifest.lock";
			outputFileListPaths = (
			);
			outputPaths = (
				"$(DERIVED_FILE_DIR)/Pods-Flix-checkManifestLockResult.txt",
			);
			runOnlyForDeploymentPostprocessing = 0;
			shellPath = /bin/sh;
			shellScript = "diff \"${PODS_PODFILE_DIR_PATH}/Podfile.lock\" \"${PODS_ROOT}/Manifest.lock\" > /dev/null\nif [ $? != 0 ] ; then\n    # print error to STDERR\n    echo \"error: The sandbox is not in sync with the Podfile.lock. Run 'pod install' or update your CocoaPods installation.\" >&2\n    exit 1\nfi\n# This output is used by Xcode 'outputs' to avoid re-running this script phase.\necho \"SUCCESS\" > \"${SCRIPT_OUTPUT_FILE_0}\"\n";
			showEnvVarsInLog = 0;
		};
		F943E9E683D99E077A13B25A /* [CP] Embed Pods Frameworks */ = {
			isa = PBXShellScriptBuildPhase;
			buildActionMask = 2147483647;
			files = (
			);
			inputFileListPaths = (
				"${PODS_ROOT}/Target Support Files/Pods-Flix/Pods-Flix-frameworks-${CONFIGURATION}-input-files.xcfilelist",
			);
			name = "[CP] Embed Pods Frameworks";
			outputFileListPaths = (
				"${PODS_ROOT}/Target Support Files/Pods-Flix/Pods-Flix-frameworks-${CONFIGURATION}-output-files.xcfilelist",
			);
			runOnlyForDeploymentPostprocessing = 0;
			shellPath = /bin/sh;
			shellScript = "\"${PODS_ROOT}/Target Support Files/Pods-Flix/Pods-Flix-frameworks.sh\"\n";
			showEnvVarsInLog = 0;
		};
/* End PBXShellScriptBuildPhase section */

/* Begin PBXSourcesBuildPhase section */
		39CDE7F526DEFD57009C51AC /* Sources */ = {
			isa = PBXSourcesBuildPhase;
			buildActionMask = 2147483647;
			files = (
				39CDE80126DEFD57009C51AC /* ViewController.swift in Sources */,
				39BAC0F426EE6EB2007E9058 /* MovieDetailViewController.swift in Sources */,
				3955908026E2866600ED24BC /* TableViewCell.swift in Sources */,
				39CDE7FD26DEFD57009C51AC /* AppDelegate.swift in Sources */,
				39BAC0F826EE7F79007E9058 /* MovieCollectionViewCell.swift in Sources */,
				39CDE7FF26DEFD57009C51AC /* SceneDelegate.swift in Sources */,
				39BAC0F626EE7B1E007E9058 /* MovieGridViewController.swift in Sources */,
			);
			runOnlyForDeploymentPostprocessing = 0;
		};
		39CDE80B26DEFD59009C51AC /* Sources */ = {
			isa = PBXSourcesBuildPhase;
			buildActionMask = 2147483647;
			files = (
				39CDE81426DEFD59009C51AC /* FlixTests.swift in Sources */,
			);
			runOnlyForDeploymentPostprocessing = 0;
		};
		39CDE81626DEFD59009C51AC /* Sources */ = {
			isa = PBXSourcesBuildPhase;
			buildActionMask = 2147483647;
			files = (
				39CDE81F26DEFD59009C51AC /* FlixUITests.swift in Sources */,
			);
			runOnlyForDeploymentPostprocessing = 0;
		};
/* End PBXSourcesBuildPhase section */

/* Begin PBXTargetDependency section */
		39CDE81126DEFD59009C51AC /* PBXTargetDependency */ = {
			isa = PBXTargetDependency;
			target = 39CDE7F826DEFD57009C51AC /* Flix */;
			targetProxy = 39CDE81026DEFD59009C51AC /* PBXContainerItemProxy */;
		};
		39CDE81C26DEFD59009C51AC /* PBXTargetDependency */ = {
			isa = PBXTargetDependency;
			target = 39CDE7F826DEFD57009C51AC /* Flix */;
			targetProxy = 39CDE81B26DEFD59009C51AC /* PBXContainerItemProxy */;
		};
/* End PBXTargetDependency section */

/* Begin PBXVariantGroup section */
		39CDE80226DEFD57009C51AC /* Main.storyboard */ = {
			isa = PBXVariantGroup;
			children = (
				39CDE80326DEFD57009C51AC /* Base */,
			);
			name = Main.storyboard;
			sourceTree = "<group>";
		};
		39CDE80726DEFD58009C51AC /* LaunchScreen.storyboard */ = {
			isa = PBXVariantGroup;
			children = (
				39CDE80826DEFD58009C51AC /* Base */,
			);
			name = LaunchScreen.storyboard;
			sourceTree = "<group>";
		};
/* End PBXVariantGroup section */

/* Begin XCBuildConfiguration section */
		39CDE82126DEFD59009C51AC /* Debug */ = {
			isa = XCBuildConfiguration;
			buildSettings = {
				ALWAYS_SEARCH_USER_PATHS = NO;
				CLANG_ANALYZER_NONNULL = YES;
				CLANG_ANALYZER_NUMBER_OBJECT_CONVERSION = YES_AGGRESSIVE;
				CLANG_CXX_LANGUAGE_STANDARD = "gnu++14";
				CLANG_CXX_LIBRARY = "libc++";
				CLANG_ENABLE_MODULES = YES;
				CLANG_ENABLE_OBJC_ARC = YES;
				CLANG_ENABLE_OBJC_WEAK = YES;
				CLANG_WARN_BLOCK_CAPTURE_AUTORELEASING = YES;
				CLANG_WARN_BOOL_CONVERSION = YES;
				CLANG_WARN_COMMA = YES;
				CLANG_WARN_CONSTANT_CONVERSION = YES;
				CLANG_WARN_DEPRECATED_OBJC_IMPLEMENTATIONS = YES;
				CLANG_WARN_DIRECT_OBJC_ISA_USAGE = YES_ERROR;
				CLANG_WARN_DOCUMENTATION_COMMENTS = YES;
				CLANG_WARN_EMPTY_BODY = YES;
				CLANG_WARN_ENUM_CONVERSION = YES;
				CLANG_WARN_INFINITE_RECURSION = YES;
				CLANG_WARN_INT_CONVERSION = YES;
				CLANG_WARN_NON_LITERAL_NULL_CONVERSION = YES;
				CLANG_WARN_OBJC_IMPLICIT_RETAIN_SELF = YES;
				CLANG_WARN_OBJC_LITERAL_CONVERSION = YES;
				CLANG_WARN_OBJC_ROOT_CLASS = YES_ERROR;
				CLANG_WARN_QUOTED_INCLUDE_IN_FRAMEWORK_HEADER = YES;
				CLANG_WARN_RANGE_LOOP_ANALYSIS = YES;
				CLANG_WARN_STRICT_PROTOTYPES = YES;
				CLANG_WARN_SUSPICIOUS_MOVE = YES;
				CLANG_WARN_UNGUARDED_AVAILABILITY = YES_AGGRESSIVE;
				CLANG_WARN_UNREACHABLE_CODE = YES;
				CLANG_WARN__DUPLICATE_METHOD_MATCH = YES;
				COPY_PHASE_STRIP = NO;
				DEBUG_INFORMATION_FORMAT = dwarf;
				ENABLE_STRICT_OBJC_MSGSEND = YES;
				ENABLE_TESTABILITY = YES;
				GCC_C_LANGUAGE_STANDARD = gnu11;
				GCC_DYNAMIC_NO_PIC = NO;
				GCC_NO_COMMON_BLOCKS = YES;
				GCC_OPTIMIZATION_LEVEL = 0;
				GCC_PREPROCESSOR_DEFINITIONS = (
					"DEBUG=1",
					"$(inherited)",
				);
				GCC_WARN_64_TO_32_BIT_CONVERSION = YES;
				GCC_WARN_ABOUT_RETURN_TYPE = YES_ERROR;
				GCC_WARN_UNDECLARED_SELECTOR = YES;
				GCC_WARN_UNINITIALIZED_AUTOS = YES_AGGRESSIVE;
				GCC_WARN_UNUSED_FUNCTION = YES;
				GCC_WARN_UNUSED_VARIABLE = YES;
				IPHONEOS_DEPLOYMENT_TARGET = 14.5;
				MTL_ENABLE_DEBUG_INFO = INCLUDE_SOURCE;
				MTL_FAST_MATH = YES;
				ONLY_ACTIVE_ARCH = YES;
				SDKROOT = iphoneos;
				SWIFT_ACTIVE_COMPILATION_CONDITIONS = DEBUG;
				SWIFT_OPTIMIZATION_LEVEL = "-Onone";
			};
			name = Debug;
		};
		39CDE82226DEFD59009C51AC /* Release */ = {
			isa = XCBuildConfiguration;
			buildSettings = {
				ALWAYS_SEARCH_USER_PATHS = NO;
				CLANG_ANALYZER_NONNULL = YES;
				CLANG_ANALYZER_NUMBER_OBJECT_CONVERSION = YES_AGGRESSIVE;
				CLANG_CXX_LANGUAGE_STANDARD = "gnu++14";
				CLANG_CXX_LIBRARY = "libc++";
				CLANG_ENABLE_MODULES = YES;
				CLANG_ENABLE_OBJC_ARC = YES;
				CLANG_ENABLE_OBJC_WEAK = YES;
				CLANG_WARN_BLOCK_CAPTURE_AUTORELEASING = YES;
				CLANG_WARN_BOOL_CONVERSION = YES;
				CLANG_WARN_COMMA = YES;
				CLANG_WARN_CONSTANT_CONVERSION = YES;
				CLANG_WARN_DEPRECATED_OBJC_IMPLEMENTATIONS = YES;
				CLANG_WARN_DIRECT_OBJC_ISA_USAGE = YES_ERROR;
				CLANG_WARN_DOCUMENTATION_COMMENTS = YES;
				CLANG_WARN_EMPTY_BODY = YES;
				CLANG_WARN_ENUM_CONVERSION = YES;
				CLANG_WARN_INFINITE_RECURSION = YES;
				CLANG_WARN_INT_CONVERSION = YES;
				CLANG_WARN_NON_LITERAL_NULL_CONVERSION = YES;
				CLANG_WARN_OBJC_IMPLICIT_RETAIN_SELF = YES;
				CLANG_WARN_OBJC_LITERAL_CONVERSION = YES;
				CLANG_WARN_OBJC_ROOT_CLASS = YES_ERROR;
				CLANG_WARN_QUOTED_INCLUDE_IN_FRAMEWORK_HEADER = YES;
				CLANG_WARN_RANGE_LOOP_ANALYSIS = YES;
				CLANG_WARN_STRICT_PROTOTYPES = YES;
				CLANG_WARN_SUSPICIOUS_MOVE = YES;
				CLANG_WARN_UNGUARDED_AVAILABILITY = YES_AGGRESSIVE;
				CLANG_WARN_UNREACHABLE_CODE = YES;
				CLANG_WARN__DUPLICATE_METHOD_MATCH = YES;
				COPY_PHASE_STRIP = NO;
				DEBUG_INFORMATION_FORMAT = "dwarf-with-dsym";
				ENABLE_NS_ASSERTIONS = NO;
				ENABLE_STRICT_OBJC_MSGSEND = YES;
				GCC_C_LANGUAGE_STANDARD = gnu11;
				GCC_NO_COMMON_BLOCKS = YES;
				GCC_WARN_64_TO_32_BIT_CONVERSION = YES;
				GCC_WARN_ABOUT_RETURN_TYPE = YES_ERROR;
				GCC_WARN_UNDECLARED_SELECTOR = YES;
				GCC_WARN_UNINITIALIZED_AUTOS = YES_AGGRESSIVE;
				GCC_WARN_UNUSED_FUNCTION = YES;
				GCC_WARN_UNUSED_VARIABLE = YES;
				IPHONEOS_DEPLOYMENT_TARGET = 14.5;
				MTL_ENABLE_DEBUG_INFO = NO;
				MTL_FAST_MATH = YES;
				SDKROOT = iphoneos;
				SWIFT_COMPILATION_MODE = wholemodule;
				SWIFT_OPTIMIZATION_LEVEL = "-O";
				VALIDATE_PRODUCT = YES;
			};
			name = Release;
		};
		39CDE82426DEFD59009C51AC /* Debug */ = {
			isa = XCBuildConfiguration;
			baseConfigurationReference = 94E57F8AEBEB3452142ACCE6 /* Pods-Flix.debug.xcconfig */;
			buildSettings = {
				ASSETCATALOG_COMPILER_APPICON_NAME = AppIcon;
				ASSETCATALOG_COMPILER_GLOBAL_ACCENT_COLOR_NAME = AccentColor;
				CODE_SIGN_STYLE = Automatic;
				INFOPLIST_FILE = Flix/Info.plist;
				LD_RUNPATH_SEARCH_PATHS = (
					"$(inherited)",
					"@executable_path/Frameworks",
				);
				PRODUCT_BUNDLE_IDENTIFIER = coochiesgames.Flix;
				PRODUCT_NAME = "$(TARGET_NAME)";
				SWIFT_VERSION = 5.0;
				TARGETED_DEVICE_FAMILY = "1,2";
			};
			name = Debug;
		};
		39CDE82526DEFD59009C51AC /* Release */ = {
			isa = XCBuildConfiguration;
			baseConfigurationReference = 4BE62BB2C6FBB2CF4A7E3E96 /* Pods-Flix.release.xcconfig */;
			buildSettings = {
				ASSETCATALOG_COMPILER_APPICON_NAME = AppIcon;
				ASSETCATALOG_COMPILER_GLOBAL_ACCENT_COLOR_NAME = AccentColor;
				CODE_SIGN_STYLE = Automatic;
				INFOPLIST_FILE = Flix/Info.plist;
				LD_RUNPATH_SEARCH_PATHS = (
					"$(inherited)",
					"@executable_path/Frameworks",
				);
				PRODUCT_BUNDLE_IDENTIFIER = coochiesgames.Flix;
				PRODUCT_NAME = "$(TARGET_NAME)";
				SWIFT_VERSION = 5.0;
				TARGETED_DEVICE_FAMILY = "1,2";
			};
			name = Release;
		};
		39CDE82726DEFD59009C51AC /* Debug */ = {
			isa = XCBuildConfiguration;
			baseConfigurationReference = ED3D71CF0B01DE010EFC3F54 /* Pods-FlixTests.debug.xcconfig */;
			buildSettings = {
				ALWAYS_EMBED_SWIFT_STANDARD_LIBRARIES = YES;
				BUNDLE_LOADER = "$(TEST_HOST)";
				CODE_SIGN_STYLE = Automatic;
				INFOPLIST_FILE = FlixTests/Info.plist;
				IPHONEOS_DEPLOYMENT_TARGET = 14.5;
				LD_RUNPATH_SEARCH_PATHS = (
					"$(inherited)",
					"@executable_path/Frameworks",
					"@loader_path/Frameworks",
				);
				PRODUCT_BUNDLE_IDENTIFIER = coochiesgames.FlixTests;
				PRODUCT_NAME = "$(TARGET_NAME)";
				SWIFT_VERSION = 5.0;
				TARGETED_DEVICE_FAMILY = "1,2";
				TEST_HOST = "$(BUILT_PRODUCTS_DIR)/Flix.app/Flix";
			};
			name = Debug;
		};
		39CDE82826DEFD59009C51AC /* Release */ = {
			isa = XCBuildConfiguration;
			baseConfigurationReference = 050F7A8D008A94B4C6A2EE67 /* Pods-FlixTests.release.xcconfig */;
			buildSettings = {
				ALWAYS_EMBED_SWIFT_STANDARD_LIBRARIES = YES;
				BUNDLE_LOADER = "$(TEST_HOST)";
				CODE_SIGN_STYLE = Automatic;
				INFOPLIST_FILE = FlixTests/Info.plist;
				IPHONEOS_DEPLOYMENT_TARGET = 14.5;
				LD_RUNPATH_SEARCH_PATHS = (
					"$(inherited)",
					"@executable_path/Frameworks",
					"@loader_path/Frameworks",
				);
				PRODUCT_BUNDLE_IDENTIFIER = coochiesgames.FlixTests;
				PRODUCT_NAME = "$(TARGET_NAME)";
				SWIFT_VERSION = 5.0;
				TARGETED_DEVICE_FAMILY = "1,2";
				TEST_HOST = "$(BUILT_PRODUCTS_DIR)/Flix.app/Flix";
			};
			name = Release;
		};
		39CDE82A26DEFD59009C51AC /* Debug */ = {
			isa = XCBuildConfiguration;
			baseConfigurationReference = 8851B2BF84C84CFBF729869F /* Pods-Flix-FlixUITests.debug.xcconfig */;
			buildSettings = {
				ALWAYS_EMBED_SWIFT_STANDARD_LIBRARIES = YES;
				CODE_SIGN_STYLE = Automatic;
				INFOPLIST_FILE = FlixUITests/Info.plist;
				LD_RUNPATH_SEARCH_PATHS = (
					"$(inherited)",
					"@executable_path/Frameworks",
					"@loader_path/Frameworks",
				);
				PRODUCT_BUNDLE_IDENTIFIER = coochiesgames.FlixUITests;
				PRODUCT_NAME = "$(TARGET_NAME)";
				SWIFT_VERSION = 5.0;
				TARGETED_DEVICE_FAMILY = "1,2";
				TEST_TARGET_NAME = Flix;
			};
			name = Debug;
		};
		39CDE82B26DEFD59009C51AC /* Release */ = {
			isa = XCBuildConfiguration;
			baseConfigurationReference = 94F291C07C9B82A97C25D45E /* Pods-Flix-FlixUITests.release.xcconfig */;
			buildSettings = {
				ALWAYS_EMBED_SWIFT_STANDARD_LIBRARIES = YES;
				CODE_SIGN_STYLE = Automatic;
				INFOPLIST_FILE = FlixUITests/Info.plist;
				LD_RUNPATH_SEARCH_PATHS = (
					"$(inherited)",
					"@executable_path/Frameworks",
					"@loader_path/Frameworks",
				);
				PRODUCT_BUNDLE_IDENTIFIER = coochiesgames.FlixUITests;
				PRODUCT_NAME = "$(TARGET_NAME)";
				SWIFT_VERSION = 5.0;
				TARGETED_DEVICE_FAMILY = "1,2";
				TEST_TARGET_NAME = Flix;
			};
			name = Release;
		};
/* End XCBuildConfiguration section */

/* Begin XCConfigurationList section */
		39CDE7F426DEFD57009C51AC /* Build configuration list for PBXProject "Flix" */ = {
			isa = XCConfigurationList;
			buildConfigurations = (
				39CDE82126DEFD59009C51AC /* Debug */,
				39CDE82226DEFD59009C51AC /* Release */,
			);
			defaultConfigurationIsVisible = 0;
			defaultConfigurationName = Release;
		};
		39CDE82326DEFD59009C51AC /* Build configuration list for PBXNativeTarget "Flix" */ = {
			isa = XCConfigurationList;
			buildConfigurations = (
				39CDE82426DEFD59009C51AC /* Debug */,
				39CDE82526DEFD59009C51AC /* Release */,
			);
			defaultConfigurationIsVisible = 0;
			defaultConfigurationName = Release;
		};
		39CDE82626DEFD59009C51AC /* Build configuration list for PBXNativeTarget "FlixTests" */ = {
			isa = XCConfigurationList;
			buildConfigurations = (
				39CDE82726DEFD59009C51AC /* Debug */,
				39CDE82826DEFD59009C51AC /* Release */,
			);
			defaultConfigurationIsVisible = 0;
			defaultConfigurationName = Release;
		};
		39CDE82926DEFD59009C51AC /* Build configuration list for PBXNativeTarget "FlixUITests" */ = {
			isa = XCConfigurationList;
			buildConfigurations = (
				39CDE82A26DEFD59009C51AC /* Debug */,
				39CDE82B26DEFD59009C51AC /* Release */,
			);
			defaultConfigurationIsVisible = 0;
			defaultConfigurationName = Release;
		};
/* End XCConfigurationList section */

/* Begin XCRemoteSwiftPackageReference section */
		3955908126E28DF100ED24BC /* XCRemoteSwiftPackageReference "AlamofireImage" */ = {
			isa = XCRemoteSwiftPackageReference;
			repositoryURL = "https://github.com/Alamofire/AlamofireImage";
			requirement = {
				kind = upToNextMajorVersion;
				minimumVersion = 4.2.0;
			};
		};
/* End XCRemoteSwiftPackageReference section */

/* Begin XCSwiftPackageProductDependency section */
		3955908226E28DF100ED24BC /* AlamofireImage */ = {
			isa = XCSwiftPackageProductDependency;
			package = 3955908126E28DF100ED24BC /* XCRemoteSwiftPackageReference "AlamofireImage" */;
			productName = AlamofireImage;
		};
/* End XCSwiftPackageProductDependency section */
	};
	rootObject = 39CDE7F126DEFD57009C51AC /* Project object */;
}
